# THIS IS AN AUTOGENERATED FILE. DO NOT EDIT THIS FILE DIRECTLY.
# yarn lockfile v1


"@braid/vue-formulate-i18n@^1.16.0":
  version "1.16.0"
  resolved "https://registry.yarnpkg.com/@braid/vue-formulate-i18n/-/vue-formulate-i18n-1.16.0.tgz#71c9121c909c7bbdfd4dfcf6a57d554f5bb1ec75"
  integrity sha512-CuX1kN7bWg4ukynnTS3LGsmPKrUvS2Wh75zKatIe+nHQQy0gSvfmggQsCz4QZey7Ois+pGYmOIgrE1SvX+zQTw==

"@braid/vue-formulate@^2.5.2":
  version "2.5.2"
  resolved "https://registry.yarnpkg.com/@braid/vue-formulate/-/vue-formulate-2.5.2.tgz#32076d6a513760763a3a89dd69e8911c1bad1fcb"
  integrity sha512-0LWKp3Rjq2a+WwA4y49VaXqQOVClJGy6mmdivxJJyRvNB0aUcTOKOINLumeU/XHf7/c0HNhtbZih2vs6hMDyvQ==
  dependencies:
    "@braid/vue-formulate-i18n" "^1.16.0"
    is-plain-object "^3.0.1"
    is-url "^1.2.4"
    nanoid "^2.1.11"

is-plain-object@^3.0.1:
  version "3.0.1"
  resolved "https://registry.yarnpkg.com/is-plain-object/-/is-plain-object-3.0.1.tgz#662d92d24c0aa4302407b0d45d21f2251c85f85b"
  integrity sha512-Xnpx182SBMrr/aBik8y+GuR4U1L9FqMSojwDQwPMmxyC6bvEqly9UBCxhauBF5vNh2gwWJNX6oDV7O+OM4z34g==

is-url@^1.2.4:
  version "1.2.4"
  resolved "https://registry.yarnpkg.com/is-url/-/is-url-1.2.4.tgz#04a4df46d28c4cff3d73d01ff06abeb318a1aa52"
  integrity sha512-ITvGim8FhRiYe4IQ5uHSkj7pVaPDrCTkNd3yq3cV7iZAcJdHTUMPMEHcqSOy9xZ9qFenQCvi+2wjH9a1nXqHww==

lodash@^4.17.21:
  version "4.17.21"
  resolved "https://registry.yarnpkg.com/lodash/-/lodash-4.17.21.tgz#679591c564c3bffaae8454cf0b3df370c3d6911c"
  integrity sha512-v2kDEe57lecTulaDIuNTPy3Ry4gLGJ6Z1O3vE1krgXZNrsQ+LFTGHVxVjcXPs17LhbZVGedAJv8XZ1tvj5FvSg==

nanoid@^2.1.11:
  version "2.1.11"
  resolved "https://registry.yarnpkg.com/nanoid/-/nanoid-2.1.11.tgz#ec24b8a758d591561531b4176a01e3ab4f0f0280"
  integrity sha512-s/snB+WGm6uwi0WjsZdaVcuf3KJXlfGl2LcxgwkEwJF0D/BWzVWAZW/XY4bFaiR7s0Jk3FPvlnepg1H1b1UwlA==
